// !$*UTF8*$!
{
	archiveVersion = 1;
	classes = {
	};
	objectVersion = 56;
	objects = {

/* Begin PBXBuildFile section */
		812B5F1D29D3D42A00E6C94A /* OpenAI_PlaygroundApp.swift in Sources */ = {isa = PBXBuildFile; fileRef = 812B5F1C29D3D42A00E6C94A /* OpenAI_PlaygroundApp.swift */; };
		812B5F1F29D3D42A00E6C94A /* ContentView.swift in Sources */ = {isa = PBXBuildFile; fileRef = 812B5F1E29D3D42A00E6C94A /* ContentView.swift */; };
		812B5F2129D3D42D00E6C94A /* Assets.xcassets in Resources */ = {isa = PBXBuildFile; fileRef = 812B5F2029D3D42D00E6C94A /* Assets.xcassets */; };
		812B5F2529D3D42D00E6C94A /* Preview Assets.xcassets in Resources */ = {isa = PBXBuildFile; fileRef = 812B5F2429D3D42D00E6C94A /* Preview Assets.xcassets */; };
		812B5F2F29D3D42E00E6C94A /* OpenAI_PlaygroundTests.swift in Sources */ = {isa = PBXBuildFile; fileRef = 812B5F2E29D3D42E00E6C94A /* OpenAI_PlaygroundTests.swift */; };
		812B5F3929D3D42E00E6C94A /* OpenAI_PlaygroundUITests.swift in Sources */ = {isa = PBXBuildFile; fileRef = 812B5F3829D3D42E00E6C94A /* OpenAI_PlaygroundUITests.swift */; };
		812B5F3B29D3D42E00E6C94A /* OpenAI_PlaygroundUITestsLaunchTests.swift in Sources */ = {isa = PBXBuildFile; fileRef = 812B5F3A29D3D42E00E6C94A /* OpenAI_PlaygroundUITestsLaunchTests.swift */; };
		812B5F4829D3D63A00E6C94A /* HomeView.swift in Sources */ = {isa = PBXBuildFile; fileRef = 812B5F4729D3D63A00E6C94A /* HomeView.swift */; };
		812B5F4A29D3D73D00E6C94A /* TextModeView.swift in Sources */ = {isa = PBXBuildFile; fileRef = 812B5F4929D3D73D00E6C94A /* TextModeView.swift */; };
		812B5F4C29D3D81800E6C94A /* ImageModeView.swift in Sources */ = {isa = PBXBuildFile; fileRef = 812B5F4B29D3D81800E6C94A /* ImageModeView.swift */; };
		812B5F4E29D3E7B900E6C94A /* TextModeListView.swift in Sources */ = {isa = PBXBuildFile; fileRef = 812B5F4D29D3E7B900E6C94A /* TextModeListView.swift */; };
		812B5F5029D3F03400E6C94A /* AudioModeView.swift in Sources */ = {isa = PBXBuildFile; fileRef = 812B5F4F29D3F03400E6C94A /* AudioModeView.swift */; };
		812B5F5229D3F04700E6C94A /* UserSettingsView.swift in Sources */ = {isa = PBXBuildFile; fileRef = 812B5F5129D3F04700E6C94A /* UserSettingsView.swift */; };
		812B5F5429D3F2E500E6C94A /* ChatView.swift in Sources */ = {isa = PBXBuildFile; fileRef = 812B5F5329D3F2E500E6C94A /* ChatView.swift */; };
		812B5F5629D3F40C00E6C94A /* CompleteView.swift in Sources */ = {isa = PBXBuildFile; fileRef = 812B5F5529D3F40C00E6C94A /* CompleteView.swift */; };
		812B5F5829D3F4A600E6C94A /* InsertView.swift in Sources */ = {isa = PBXBuildFile; fileRef = 812B5F5729D3F4A600E6C94A /* InsertView.swift */; };
		812B5F5A29D3F61B00E6C94A /* EditView.swift in Sources */ = {isa = PBXBuildFile; fileRef = 812B5F5929D3F61B00E6C94A /* EditView.swift */; };
		812B5F5C29D4010C00E6C94A /* ChatBubble.swift in Sources */ = {isa = PBXBuildFile; fileRef = 812B5F5B29D4010C00E6C94A /* ChatBubble.swift */; };
		812B5F5E29D4014F00E6C94A /* ChatMessage.swift in Sources */ = {isa = PBXBuildFile; fileRef = 812B5F5D29D4014F00E6C94A /* ChatMessage.swift */; };
		812B5F6029D401DB00E6C94A /* RoundedRectangle.swift in Sources */ = {isa = PBXBuildFile; fileRef = 812B5F5F29D401DB00E6C94A /* RoundedRectangle.swift */; };
		812B5F6229D5419900E6C94A /* TextEditorDynamic.swift in Sources */ = {isa = PBXBuildFile; fileRef = 812B5F6129D5419900E6C94A /* TextEditorDynamic.swift */; };
		812B5F6529D5485A00E6C94A /* SettingsStore.swift in Sources */ = {isa = PBXBuildFile; fileRef = 812B5F6429D5485A00E6C94A /* SettingsStore.swift */; };
		812B5F6729D54AD700E6C94A /* ChatOptionsStore.swift in Sources */ = {isa = PBXBuildFile; fileRef = 812B5F6629D54AD700E6C94A /* ChatOptionsStore.swift */; };
		812B5F6929D54BBD00E6C94A /* TextModeOptionsStore.swift in Sources */ = {isa = PBXBuildFile; fileRef = 812B5F6829D54BBD00E6C94A /* TextModeOptionsStore.swift */; };
		81D76D0829D6956E0042C52B /* ChatController.swift in Sources */ = {isa = PBXBuildFile; fileRef = 81D76D0729D6956E0042C52B /* ChatController.swift */; };
		81D76D0A29D696D10042C52B /* Chat.swift in Sources */ = {isa = PBXBuildFile; fileRef = 81D76D0929D696D10042C52B /* Chat.swift */; };
		81D76D0C29D6D46C0042C52B /* OpenAIAPIClient.swift in Sources */ = {isa = PBXBuildFile; fileRef = 81D76D0B29D6D46C0042C52B /* OpenAIAPIClient.swift */; };
/* End PBXBuildFile section */

/* Begin PBXContainerItemProxy section */
		812B5F2B29D3D42E00E6C94A /* PBXContainerItemProxy */ = {
			isa = PBXContainerItemProxy;
			containerPortal = 812B5F1129D3D42A00E6C94A /* Project object */;
			proxyType = 1;
			remoteGlobalIDString = 812B5F1829D3D42A00E6C94A;
			remoteInfo = "OpenAI Playground";
		};
		812B5F3529D3D42E00E6C94A /* PBXContainerItemProxy */ = {
			isa = PBXContainerItemProxy;
			containerPortal = 812B5F1129D3D42A00E6C94A /* Project object */;
			proxyType = 1;
			remoteGlobalIDString = 812B5F1829D3D42A00E6C94A;
			remoteInfo = "OpenAI Playground";
		};
/* End PBXContainerItemProxy section */

/* Begin PBXFileReference section */
		812B5F1929D3D42A00E6C94A /* OpenAI Playground.app */ = {isa = PBXFileReference; explicitFileType = wrapper.application; includeInIndex = 0; path = "OpenAI Playground.app"; sourceTree = BUILT_PRODUCTS_DIR; };
		812B5F1C29D3D42A00E6C94A /* OpenAI_PlaygroundApp.swift */ = {isa = PBXFileReference; lastKnownFileType = sourcecode.swift; path = OpenAI_PlaygroundApp.swift; sourceTree = "<group>"; };
		812B5F1E29D3D42A00E6C94A /* ContentView.swift */ = {isa = PBXFileReference; lastKnownFileType = sourcecode.swift; path = ContentView.swift; sourceTree = "<group>"; };
		812B5F2029D3D42D00E6C94A /* Assets.xcassets */ = {isa = PBXFileReference; lastKnownFileType = folder.assetcatalog; path = Assets.xcassets; sourceTree = "<group>"; };
		812B5F2229D3D42D00E6C94A /* OpenAI_Playground.entitlements */ = {isa = PBXFileReference; lastKnownFileType = text.plist.entitlements; path = OpenAI_Playground.entitlements; sourceTree = "<group>"; };
		812B5F2429D3D42D00E6C94A /* Preview Assets.xcassets */ = {isa = PBXFileReference; lastKnownFileType = folder.assetcatalog; path = "Preview Assets.xcassets"; sourceTree = "<group>"; };
		812B5F2A29D3D42E00E6C94A /* OpenAI PlaygroundTests.xctest */ = {isa = PBXFileReference; explicitFileType = wrapper.cfbundle; includeInIndex = 0; path = "OpenAI PlaygroundTests.xctest"; sourceTree = BUILT_PRODUCTS_DIR; };
		812B5F2E29D3D42E00E6C94A /* OpenAI_PlaygroundTests.swift */ = {isa = PBXFileReference; lastKnownFileType = sourcecode.swift; path = OpenAI_PlaygroundTests.swift; sourceTree = "<group>"; };
		812B5F3429D3D42E00E6C94A /* OpenAI PlaygroundUITests.xctest */ = {isa = PBXFileReference; explicitFileType = wrapper.cfbundle; includeInIndex = 0; path = "OpenAI PlaygroundUITests.xctest"; sourceTree = BUILT_PRODUCTS_DIR; };
		812B5F3829D3D42E00E6C94A /* OpenAI_PlaygroundUITests.swift */ = {isa = PBXFileReference; lastKnownFileType = sourcecode.swift; path = OpenAI_PlaygroundUITests.swift; sourceTree = "<group>"; };
		812B5F3A29D3D42E00E6C94A /* OpenAI_PlaygroundUITestsLaunchTests.swift */ = {isa = PBXFileReference; lastKnownFileType = sourcecode.swift; path = OpenAI_PlaygroundUITestsLaunchTests.swift; sourceTree = "<group>"; };
		812B5F4729D3D63A00E6C94A /* HomeView.swift */ = {isa = PBXFileReference; lastKnownFileType = sourcecode.swift; path = HomeView.swift; sourceTree = "<group>"; };
		812B5F4929D3D73D00E6C94A /* TextModeView.swift */ = {isa = PBXFileReference; lastKnownFileType = sourcecode.swift; path = TextModeView.swift; sourceTree = "<group>"; };
		812B5F4B29D3D81800E6C94A /* ImageModeView.swift */ = {isa = PBXFileReference; lastKnownFileType = sourcecode.swift; path = ImageModeView.swift; sourceTree = "<group>"; };
		812B5F4D29D3E7B900E6C94A /* TextModeListView.swift */ = {isa = PBXFileReference; lastKnownFileType = sourcecode.swift; path = TextModeListView.swift; sourceTree = "<group>"; };
		812B5F4F29D3F03400E6C94A /* AudioModeView.swift */ = {isa = PBXFileReference; lastKnownFileType = sourcecode.swift; path = AudioModeView.swift; sourceTree = "<group>"; };
		812B5F5129D3F04700E6C94A /* UserSettingsView.swift */ = {isa = PBXFileReference; lastKnownFileType = sourcecode.swift; path = UserSettingsView.swift; sourceTree = "<group>"; };
		812B5F5329D3F2E500E6C94A /* ChatView.swift */ = {isa = PBXFileReference; lastKnownFileType = sourcecode.swift; path = ChatView.swift; sourceTree = "<group>"; };
		812B5F5529D3F40C00E6C94A /* CompleteView.swift */ = {isa = PBXFileReference; lastKnownFileType = sourcecode.swift; path = CompleteView.swift; sourceTree = "<group>"; };
		812B5F5729D3F4A600E6C94A /* InsertView.swift */ = {isa = PBXFileReference; lastKnownFileType = sourcecode.swift; path = InsertView.swift; sourceTree = "<group>"; };
		812B5F5929D3F61B00E6C94A /* EditView.swift */ = {isa = PBXFileReference; lastKnownFileType = sourcecode.swift; path = EditView.swift; sourceTree = "<group>"; };
		812B5F5B29D4010C00E6C94A /* ChatBubble.swift */ = {isa = PBXFileReference; lastKnownFileType = sourcecode.swift; path = ChatBubble.swift; sourceTree = "<group>"; };
		812B5F5D29D4014F00E6C94A /* ChatMessage.swift */ = {isa = PBXFileReference; lastKnownFileType = sourcecode.swift; path = ChatMessage.swift; sourceTree = "<group>"; };
		812B5F5F29D401DB00E6C94A /* RoundedRectangle.swift */ = {isa = PBXFileReference; lastKnownFileType = sourcecode.swift; path = RoundedRectangle.swift; sourceTree = "<group>"; };
		812B5F6129D5419900E6C94A /* TextEditorDynamic.swift */ = {isa = PBXFileReference; lastKnownFileType = sourcecode.swift; path = TextEditorDynamic.swift; sourceTree = "<group>"; };
		812B5F6429D5485A00E6C94A /* SettingsStore.swift */ = {isa = PBXFileReference; lastKnownFileType = sourcecode.swift; path = SettingsStore.swift; sourceTree = "<group>"; };
		812B5F6629D54AD700E6C94A /* ChatOptionsStore.swift */ = {isa = PBXFileReference; lastKnownFileType = sourcecode.swift; path = ChatOptionsStore.swift; sourceTree = "<group>"; };
		812B5F6829D54BBD00E6C94A /* TextModeOptionsStore.swift */ = {isa = PBXFileReference; lastKnownFileType = sourcecode.swift; path = TextModeOptionsStore.swift; sourceTree = "<group>"; };
		81D76D0729D6956E0042C52B /* ChatController.swift */ = {isa = PBXFileReference; lastKnownFileType = sourcecode.swift; path = ChatController.swift; sourceTree = "<group>"; };
		81D76D0929D696D10042C52B /* Chat.swift */ = {isa = PBXFileReference; lastKnownFileType = sourcecode.swift; path = Chat.swift; sourceTree = "<group>"; };
		81D76D0B29D6D46C0042C52B /* OpenAIAPIClient.swift */ = {isa = PBXFileReference; lastKnownFileType = sourcecode.swift; path = OpenAIAPIClient.swift; sourceTree = "<group>"; };
/* End PBXFileReference section */

/* Begin PBXFrameworksBuildPhase section */
		812B5F1629D3D42A00E6C94A /* Frameworks */ = {
			isa = PBXFrameworksBuildPhase;
			buildActionMask = 2147483647;
			files = (
			);
			runOnlyForDeploymentPostprocessing = 0;
		};
		812B5F2729D3D42E00E6C94A /* Frameworks */ = {
			isa = PBXFrameworksBuildPhase;
			buildActionMask = 2147483647;
			files = (
			);
			runOnlyForDeploymentPostprocessing = 0;
		};
		812B5F3129D3D42E00E6C94A /* Frameworks */ = {
			isa = PBXFrameworksBuildPhase;
			buildActionMask = 2147483647;
			files = (
			);
			runOnlyForDeploymentPostprocessing = 0;
		};
/* End PBXFrameworksBuildPhase section */

/* Begin PBXGroup section */
		812B5F1029D3D42A00E6C94A = {
			isa = PBXGroup;
			children = (
				812B5F1B29D3D42A00E6C94A /* OpenAI Playground */,
				812B5F2D29D3D42E00E6C94A /* OpenAI PlaygroundTests */,
				812B5F3729D3D42E00E6C94A /* OpenAI PlaygroundUITests */,
				812B5F1A29D3D42A00E6C94A /* Products */,
			);
			sourceTree = "<group>";
		};
		812B5F1A29D3D42A00E6C94A /* Products */ = {
			isa = PBXGroup;
			children = (
				812B5F1929D3D42A00E6C94A /* OpenAI Playground.app */,
				812B5F2A29D3D42E00E6C94A /* OpenAI PlaygroundTests.xctest */,
				812B5F3429D3D42E00E6C94A /* OpenAI PlaygroundUITests.xctest */,
			);
			name = Products;
			sourceTree = "<group>";
		};
		812B5F1B29D3D42A00E6C94A /* OpenAI Playground */ = {
			isa = PBXGroup;
			children = (
				81D76D0D29DB9CDF0042C52B /* Views */,
				81D76D0629D694BC0042C52B /* Controllers */,
				81D76D0529D694B20042C52B /* Models */,
				812B5F6329D5481400E6C94A /* Stores */,
				812B5F1C29D3D42A00E6C94A /* OpenAI_PlaygroundApp.swift */,
				812B5F2029D3D42D00E6C94A /* Assets.xcassets */,
				812B5F2229D3D42D00E6C94A /* OpenAI_Playground.entitlements */,
				812B5F2329D3D42D00E6C94A /* Preview Content */,
				812B5F5F29D401DB00E6C94A /* RoundedRectangle.swift */,
			);
			path = "OpenAI Playground";
			sourceTree = "<group>";
		};
		812B5F2329D3D42D00E6C94A /* Preview Content */ = {
			isa = PBXGroup;
			children = (
				812B5F2429D3D42D00E6C94A /* Preview Assets.xcassets */,
			);
			path = "Preview Content";
			sourceTree = "<group>";
		};
		812B5F2D29D3D42E00E6C94A /* OpenAI PlaygroundTests */ = {
			isa = PBXGroup;
			children = (
				812B5F2E29D3D42E00E6C94A /* OpenAI_PlaygroundTests.swift */,
			);
			path = "OpenAI PlaygroundTests";
			sourceTree = "<group>";
		};
		812B5F3729D3D42E00E6C94A /* OpenAI PlaygroundUITests */ = {
			isa = PBXGroup;
			children = (
				812B5F3829D3D42E00E6C94A /* OpenAI_PlaygroundUITests.swift */,
				812B5F3A29D3D42E00E6C94A /* OpenAI_PlaygroundUITestsLaunchTests.swift */,
			);
			path = "OpenAI PlaygroundUITests";
			sourceTree = "<group>";
		};
		812B5F6329D5481400E6C94A /* Stores */ = {
			isa = PBXGroup;
			children = (
				812B5F6429D5485A00E6C94A /* SettingsStore.swift */,
				812B5F6629D54AD700E6C94A /* ChatOptionsStore.swift */,
				812B5F6829D54BBD00E6C94A /* TextModeOptionsStore.swift */,
			);
			path = Stores;
			sourceTree = "<group>";
		};
		81D76D0529D694B20042C52B /* Models */ = {
			isa = PBXGroup;
			children = (
				812B5F5D29D4014F00E6C94A /* ChatMessage.swift */,
				81D76D0929D696D10042C52B /* Chat.swift */,
				81D76D0B29D6D46C0042C52B /* OpenAIAPIClient.swift */,
			);
			path = Models;
			sourceTree = "<group>";
		};
		81D76D0629D694BC0042C52B /* Controllers */ = {
			isa = PBXGroup;
			children = (
				81D76D0729D6956E0042C52B /* ChatController.swift */,
			);
			path = Controllers;
			sourceTree = "<group>";
		};
		81D76D0D29DB9CDF0042C52B /* Views */ = {
			isa = PBXGroup;
			children = (
				812B5F4729D3D63A00E6C94A /* HomeView.swift */,
				812B5F1E29D3D42A00E6C94A /* ContentView.swift */,
				812B5F4929D3D73D00E6C94A /* TextModeView.swift */,
				812B5F4B29D3D81800E6C94A /* ImageModeView.swift */,
				812B5F4D29D3E7B900E6C94A /* TextModeListView.swift */,
				812B5F5329D3F2E500E6C94A /* ChatView.swift */,
				812B5F4F29D3F03400E6C94A /* AudioModeView.swift */,
				812B5F5529D3F40C00E6C94A /* CompleteView.swift */,
				812B5F5929D3F61B00E6C94A /* EditView.swift */,
				812B5F5729D3F4A600E6C94A /* InsertView.swift */,
				812B5F5B29D4010C00E6C94A /* ChatBubble.swift */,
				812B5F6129D5419900E6C94A /* TextEditorDynamic.swift */,
				812B5F5129D3F04700E6C94A /* UserSettingsView.swift */,
			);
			path = Views;
			sourceTree = "<group>";
		};
/* End PBXGroup section */

/* Begin PBXNativeTarget section */
		812B5F1829D3D42A00E6C94A /* OpenAI Playground */ = {
			isa = PBXNativeTarget;
			buildConfigurationList = 812B5F3E29D3D42E00E6C94A /* Build configuration list for PBXNativeTarget "OpenAI Playground" */;
			buildPhases = (
				812B5F1529D3D42A00E6C94A /* Sources */,
				812B5F1629D3D42A00E6C94A /* Frameworks */,
				812B5F1729D3D42A00E6C94A /* Resources */,
			);
			buildRules = (
			);
			dependencies = (
			);
			name = "OpenAI Playground";
			productName = "OpenAI Playground";
			productReference = 812B5F1929D3D42A00E6C94A /* OpenAI Playground.app */;
			productType = "com.apple.product-type.application";
		};
		812B5F2929D3D42E00E6C94A /* OpenAI PlaygroundTests */ = {
			isa = PBXNativeTarget;
			buildConfigurationList = 812B5F4129D3D42E00E6C94A /* Build configuration list for PBXNativeTarget "OpenAI PlaygroundTests" */;
			buildPhases = (
				812B5F2629D3D42E00E6C94A /* Sources */,
				812B5F2729D3D42E00E6C94A /* Frameworks */,
				812B5F2829D3D42E00E6C94A /* Resources */,
			);
			buildRules = (
			);
			dependencies = (
				812B5F2C29D3D42E00E6C94A /* PBXTargetDependency */,
			);
			name = "OpenAI PlaygroundTests";
			productName = "OpenAI PlaygroundTests";
			productReference = 812B5F2A29D3D42E00E6C94A /* OpenAI PlaygroundTests.xctest */;
			productType = "com.apple.product-type.bundle.unit-test";
		};
		812B5F3329D3D42E00E6C94A /* OpenAI PlaygroundUITests */ = {
			isa = PBXNativeTarget;
			buildConfigurationList = 812B5F4429D3D42E00E6C94A /* Build configuration list for PBXNativeTarget "OpenAI PlaygroundUITests" */;
			buildPhases = (
				812B5F3029D3D42E00E6C94A /* Sources */,
				812B5F3129D3D42E00E6C94A /* Frameworks */,
				812B5F3229D3D42E00E6C94A /* Resources */,
			);
			buildRules = (
			);
			dependencies = (
				812B5F3629D3D42E00E6C94A /* PBXTargetDependency */,
			);
			name = "OpenAI PlaygroundUITests";
			productName = "OpenAI PlaygroundUITests";
			productReference = 812B5F3429D3D42E00E6C94A /* OpenAI PlaygroundUITests.xctest */;
			productType = "com.apple.product-type.bundle.ui-testing";
		};
/* End PBXNativeTarget section */

/* Begin PBXProject section */
		812B5F1129D3D42A00E6C94A /* Project object */ = {
			isa = PBXProject;
			attributes = {
				BuildIndependentTargetsInParallel = 1;
				LastSwiftUpdateCheck = 1420;
				LastUpgradeCheck = 1420;
				TargetAttributes = {
					812B5F1829D3D42A00E6C94A = {
						CreatedOnToolsVersion = 14.2;
					};
					812B5F2929D3D42E00E6C94A = {
						CreatedOnToolsVersion = 14.2;
						TestTargetID = 812B5F1829D3D42A00E6C94A;
					};
					812B5F3329D3D42E00E6C94A = {
						CreatedOnToolsVersion = 14.2;
						TestTargetID = 812B5F1829D3D42A00E6C94A;
					};
				};
			};
			buildConfigurationList = 812B5F1429D3D42A00E6C94A /* Build configuration list for PBXProject "OpenAI Playground" */;
			compatibilityVersion = "Xcode 14.0";
			developmentRegion = en;
			hasScannedForEncodings = 0;
			knownRegions = (
				en,
				Base,
			);
			mainGroup = 812B5F1029D3D42A00E6C94A;
			productRefGroup = 812B5F1A29D3D42A00E6C94A /* Products */;
			projectDirPath = "";
			projectRoot = "";
			targets = (
				812B5F1829D3D42A00E6C94A /* OpenAI Playground */,
				812B5F2929D3D42E00E6C94A /* OpenAI PlaygroundTests */,
				812B5F3329D3D42E00E6C94A /* OpenAI PlaygroundUITests */,
			);
		};
/* End PBXProject section */

/* Begin PBXResourcesBuildPhase section */
		812B5F1729D3D42A00E6C94A /* Resources */ = {
			isa = PBXResourcesBuildPhase;
			buildActionMask = 2147483647;
			files = (
				812B5F2529D3D42D00E6C94A /* Preview Assets.xcassets in Resources */,
				812B5F2129D3D42D00E6C94A /* Assets.xcassets in Resources */,
			);
			runOnlyForDeploymentPostprocessing = 0;
		};
		812B5F2829D3D42E00E6C94A /* Resources */ = {
			isa = PBXResourcesBuildPhase;
			buildActionMask = 2147483647;
			files = (
			);
			runOnlyForDeploymentPostprocessing = 0;
		};
		812B5F3229D3D42E00E6C94A /* Resources */ = {
			isa = PBXResourcesBuildPhase;
			buildActionMask = 2147483647;
			files = (
			);
			runOnlyForDeploymentPostprocessing = 0;
		};
/* End PBXResourcesBuildPhase section */

/* Begin PBXSourcesBuildPhase section */
		812B5F1529D3D42A00E6C94A /* Sources */ = {
			isa = PBXSourcesBuildPhase;
			buildActionMask = 2147483647;
			files = (
				812B5F5829D3F4A600E6C94A /* InsertView.swift in Sources */,
				812B5F6029D401DB00E6C94A /* RoundedRectangle.swift in Sources */,
				812B5F5C29D4010C00E6C94A /* ChatBubble.swift in Sources */,
				81D76D0829D6956E0042C52B /* ChatController.swift in Sources */,
				812B5F6229D5419900E6C94A /* TextEditorDynamic.swift in Sources */,
				81D76D0C29D6D46C0042C52B /* OpenAIAPIClient.swift in Sources */,
				812B5F6729D54AD700E6C94A /* ChatOptionsStore.swift in Sources */,
				812B5F4C29D3D81800E6C94A /* ImageModeView.swift in Sources */,
				812B5F5A29D3F61B00E6C94A /* EditView.swift in Sources */,
				812B5F4829D3D63A00E6C94A /* HomeView.swift in Sources */,
				812B5F1F29D3D42A00E6C94A /* ContentView.swift in Sources */,
				812B5F6529D5485A00E6C94A /* SettingsStore.swift in Sources */,
				812B5F4A29D3D73D00E6C94A /* TextModeView.swift in Sources */,
				812B5F5E29D4014F00E6C94A /* ChatMessage.swift in Sources */,
				812B5F5429D3F2E500E6C94A /* ChatView.swift in Sources */,
				812B5F5229D3F04700E6C94A /* UserSettingsView.swift in Sources */,
				812B5F6929D54BBD00E6C94A /* TextModeOptionsStore.swift in Sources */,
				81D76D0A29D696D10042C52B /* Chat.swift in Sources */,
				812B5F4E29D3E7B900E6C94A /* TextModeListView.swift in Sources */,
				812B5F1D29D3D42A00E6C94A /* OpenAI_PlaygroundApp.swift in Sources */,
				812B5F5029D3F03400E6C94A /* AudioModeView.swift in Sources */,
				812B5F5629D3F40C00E6C94A /* CompleteView.swift in Sources */,
			);
			runOnlyForDeploymentPostprocessing = 0;
		};
		812B5F2629D3D42E00E6C94A /* Sources */ = {
			isa = PBXSourcesBuildPhase;
			buildActionMask = 2147483647;
			files = (
				812B5F2F29D3D42E00E6C94A /* OpenAI_PlaygroundTests.swift in Sources */,
			);
			runOnlyForDeploymentPostprocessing = 0;
		};
		812B5F3029D3D42E00E6C94A /* Sources */ = {
			isa = PBXSourcesBuildPhase;
			buildActionMask = 2147483647;
			files = (
				812B5F3929D3D42E00E6C94A /* OpenAI_PlaygroundUITests.swift in Sources */,
				812B5F3B29D3D42E00E6C94A /* OpenAI_PlaygroundUITestsLaunchTests.swift in Sources */,
			);
			runOnlyForDeploymentPostprocessing = 0;
		};
/* End PBXSourcesBuildPhase section */

/* Begin PBXTargetDependency section */
		812B5F2C29D3D42E00E6C94A /* PBXTargetDependency */ = {
			isa = PBXTargetDependency;
			target = 812B5F1829D3D42A00E6C94A /* OpenAI Playground */;
			targetProxy = 812B5F2B29D3D42E00E6C94A /* PBXContainerItemProxy */;
		};
		812B5F3629D3D42E00E6C94A /* PBXTargetDependency */ = {
			isa = PBXTargetDependency;
			target = 812B5F1829D3D42A00E6C94A /* OpenAI Playground */;
			targetProxy = 812B5F3529D3D42E00E6C94A /* PBXContainerItemProxy */;
		};
/* End PBXTargetDependency section */

/* Begin XCBuildConfiguration section */
		812B5F3C29D3D42E00E6C94A /* Debug */ = {
			isa = XCBuildConfiguration;
			buildSettings = {
				ALWAYS_SEARCH_USER_PATHS = NO;
				CLANG_ANALYZER_NONNULL = YES;
				CLANG_ANALYZER_NUMBER_OBJECT_CONVERSION = YES_AGGRESSIVE;
				CLANG_CXX_LANGUAGE_STANDARD = "gnu++20";
				CLANG_ENABLE_MODULES = YES;
				CLANG_ENABLE_OBJC_ARC = YES;
				CLANG_ENABLE_OBJC_WEAK = YES;
				CLANG_WARN_BLOCK_CAPTURE_AUTORELEASING = YES;
				CLANG_WARN_BOOL_CONVERSION = YES;
				CLANG_WARN_COMMA = YES;
				CLANG_WARN_CONSTANT_CONVERSION = YES;
				CLANG_WARN_DEPRECATED_OBJC_IMPLEMENTATIONS = YES;
				CLANG_WARN_DIRECT_OBJC_ISA_USAGE = YES_ERROR;
				CLANG_WARN_DOCUMENTATION_COMMENTS = YES;
				CLANG_WARN_EMPTY_BODY = YES;
				CLANG_WARN_ENUM_CONVERSION = YES;
				CLANG_WARN_INFINITE_RECURSION = YES;
				CLANG_WARN_INT_CONVERSION = YES;
				CLANG_WARN_NON_LITERAL_NULL_CONVERSION = YES;
				CLANG_WARN_OBJC_IMPLICIT_RETAIN_SELF = YES;
				CLANG_WARN_OBJC_LITERAL_CONVERSION = YES;
				CLANG_WARN_OBJC_ROOT_CLASS = YES_ERROR;
				CLANG_WARN_QUOTED_INCLUDE_IN_FRAMEWORK_HEADER = YES;
				CLANG_WARN_RANGE_LOOP_ANALYSIS = YES;
				CLANG_WARN_STRICT_PROTOTYPES = YES;
				CLANG_WARN_SUSPICIOUS_MOVE = YES;
				CLANG_WARN_UNGUARDED_AVAILABILITY = YES_AGGRESSIVE;
				CLANG_WARN_UNREACHABLE_CODE = YES;
				CLANG_WARN__DUPLICATE_METHOD_MATCH = YES;
				COPY_PHASE_STRIP = NO;
				DEBUG_INFORMATION_FORMAT = dwarf;
				ENABLE_STRICT_OBJC_MSGSEND = YES;
				ENABLE_TESTABILITY = YES;
				GCC_C_LANGUAGE_STANDARD = gnu11;
				GCC_DYNAMIC_NO_PIC = NO;
				GCC_NO_COMMON_BLOCKS = YES;
				GCC_OPTIMIZATION_LEVEL = 0;
				GCC_PREPROCESSOR_DEFINITIONS = (
					"DEBUG=1",
					"$(inherited)",
				);
				GCC_WARN_64_TO_32_BIT_CONVERSION = YES;
				GCC_WARN_ABOUT_RETURN_TYPE = YES_ERROR;
				GCC_WARN_UNDECLARED_SELECTOR = YES;
				GCC_WARN_UNINITIALIZED_AUTOS = YES_AGGRESSIVE;
				GCC_WARN_UNUSED_FUNCTION = YES;
				GCC_WARN_UNUSED_VARIABLE = YES;
				MTL_ENABLE_DEBUG_INFO = INCLUDE_SOURCE;
				MTL_FAST_MATH = YES;
				ONLY_ACTIVE_ARCH = YES;
				SWIFT_ACTIVE_COMPILATION_CONDITIONS = DEBUG;
				SWIFT_OPTIMIZATION_LEVEL = "-Onone";
			};
			name = Debug;
		};
		812B5F3D29D3D42E00E6C94A /* Release */ = {
			isa = XCBuildConfiguration;
			buildSettings = {
				ALWAYS_SEARCH_USER_PATHS = NO;
				CLANG_ANALYZER_NONNULL = YES;
				CLANG_ANALYZER_NUMBER_OBJECT_CONVERSION = YES_AGGRESSIVE;
				CLANG_CXX_LANGUAGE_STANDARD = "gnu++20";
				CLANG_ENABLE_MODULES = YES;
				CLANG_ENABLE_OBJC_ARC = YES;
				CLANG_ENABLE_OBJC_WEAK = YES;
				CLANG_WARN_BLOCK_CAPTURE_AUTORELEASING = YES;
				CLANG_WARN_BOOL_CONVERSION = YES;
				CLANG_WARN_COMMA = YES;
				CLANG_WARN_CONSTANT_CONVERSION = YES;
				CLANG_WARN_DEPRECATED_OBJC_IMPLEMENTATIONS = YES;
				CLANG_WARN_DIRECT_OBJC_ISA_USAGE = YES_ERROR;
				CLANG_WARN_DOCUMENTATION_COMMENTS = YES;
				CLANG_WARN_EMPTY_BODY = YES;
				CLANG_WARN_ENUM_CONVERSION = YES;
				CLANG_WARN_INFINITE_RECURSION = YES;
				CLANG_WARN_INT_CONVERSION = YES;
				CLANG_WARN_NON_LITERAL_NULL_CONVERSION = YES;
				CLANG_WARN_OBJC_IMPLICIT_RETAIN_SELF = YES;
				CLANG_WARN_OBJC_LITERAL_CONVERSION = YES;
				CLANG_WARN_OBJC_ROOT_CLASS = YES_ERROR;
				CLANG_WARN_QUOTED_INCLUDE_IN_FRAMEWORK_HEADER = YES;
				CLANG_WARN_RANGE_LOOP_ANALYSIS = YES;
				CLANG_WARN_STRICT_PROTOTYPES = YES;
				CLANG_WARN_SUSPICIOUS_MOVE = YES;
				CLANG_WARN_UNGUARDED_AVAILABILITY = YES_AGGRESSIVE;
				CLANG_WARN_UNREACHABLE_CODE = YES;
				CLANG_WARN__DUPLICATE_METHOD_MATCH = YES;
				COPY_PHASE_STRIP = NO;
				DEBUG_INFORMATION_FORMAT = "dwarf-with-dsym";
				ENABLE_NS_ASSERTIONS = NO;
				ENABLE_STRICT_OBJC_MSGSEND = YES;
				GCC_C_LANGUAGE_STANDARD = gnu11;
				GCC_NO_COMMON_BLOCKS = YES;
				GCC_WARN_64_TO_32_BIT_CONVERSION = YES;
				GCC_WARN_ABOUT_RETURN_TYPE = YES_ERROR;
				GCC_WARN_UNDECLARED_SELECTOR = YES;
				GCC_WARN_UNINITIALIZED_AUTOS = YES_AGGRESSIVE;
				GCC_WARN_UNUSED_FUNCTION = YES;
				GCC_WARN_UNUSED_VARIABLE = YES;
				MTL_ENABLE_DEBUG_INFO = NO;
				MTL_FAST_MATH = YES;
				SWIFT_COMPILATION_MODE = wholemodule;
				SWIFT_OPTIMIZATION_LEVEL = "-O";
			};
			name = Release;
		};
		812B5F3F29D3D42E00E6C94A /* Debug */ = {
			isa = XCBuildConfiguration;
			buildSettings = {
				ASSETCATALOG_COMPILER_APPICON_NAME = AppIcon;
				ASSETCATALOG_COMPILER_GLOBAL_ACCENT_COLOR_NAME = AccentColor;
				CODE_SIGN_ENTITLEMENTS = "OpenAI Playground/OpenAI_Playground.entitlements";
				CODE_SIGN_STYLE = Automatic;
				CURRENT_PROJECT_VERSION = 1;
				DEVELOPMENT_ASSET_PATHS = "\"OpenAI Playground/Preview Content\"";
				DEVELOPMENT_TEAM = UCRN25VMP7;
				ENABLE_HARDENED_RUNTIME = YES;
				ENABLE_PREVIEWS = YES;
				GENERATE_INFOPLIST_FILE = YES;
				"INFOPLIST_KEY_UIApplicationSceneManifest_Generation[sdk=iphoneos*]" = YES;
				"INFOPLIST_KEY_UIApplicationSceneManifest_Generation[sdk=iphonesimulator*]" = YES;
				"INFOPLIST_KEY_UIApplicationSupportsIndirectInputEvents[sdk=iphoneos*]" = YES;
				"INFOPLIST_KEY_UIApplicationSupportsIndirectInputEvents[sdk=iphonesimulator*]" = YES;
				"INFOPLIST_KEY_UILaunchScreen_Generation[sdk=iphoneos*]" = YES;
				"INFOPLIST_KEY_UILaunchScreen_Generation[sdk=iphonesimulator*]" = YES;
				"INFOPLIST_KEY_UIStatusBarStyle[sdk=iphoneos*]" = UIStatusBarStyleDefault;
				"INFOPLIST_KEY_UIStatusBarStyle[sdk=iphonesimulator*]" = UIStatusBarStyleDefault;
				INFOPLIST_KEY_UISupportedInterfaceOrientations_iPad = "UIInterfaceOrientationPortrait UIInterfaceOrientationPortraitUpsideDown UIInterfaceOrientationLandscapeLeft UIInterfaceOrientationLandscapeRight";
				INFOPLIST_KEY_UISupportedInterfaceOrientations_iPhone = "UIInterfaceOrientationPortrait UIInterfaceOrientationLandscapeLeft UIInterfaceOrientationLandscapeRight";
				IPHONEOS_DEPLOYMENT_TARGET = 16.2;
				LD_RUNPATH_SEARCH_PATHS = "@executable_path/Frameworks";
				"LD_RUNPATH_SEARCH_PATHS[sdk=macosx*]" = "@executable_path/../Frameworks";
				MACOSX_DEPLOYMENT_TARGET = 12.6;
				MARKETING_VERSION = 1.0;
				PRODUCT_BUNDLE_IDENTIFIER = "bcookie.OpenAI-Playground";
				PRODUCT_NAME = "$(TARGET_NAME)";
				SDKROOT = auto;
				SUPPORTED_PLATFORMS = "iphoneos iphonesimulator macosx";
				SWIFT_EMIT_LOC_STRINGS = YES;
				SWIFT_VERSION = 5.0;
				TARGETED_DEVICE_FAMILY = "1,2";
			};
			name = Debug;
		};
		812B5F4029D3D42E00E6C94A /* Release */ = {
			isa = XCBuildConfiguration;
			buildSettings = {
				ASSETCATALOG_COMPILER_APPICON_NAME = AppIcon;
				ASSETCATALOG_COMPILER_GLOBAL_ACCENT_COLOR_NAME = AccentColor;
				CODE_SIGN_ENTITLEMENTS = "OpenAI Playground/OpenAI_Playground.entitlements";
				CODE_SIGN_STYLE = Automatic;
				CURRENT_PROJECT_VERSION = 1;
				DEVELOPMENT_ASSET_PATHS = "\"OpenAI Playground/Preview Content\"";
				DEVELOPMENT_TEAM = UCRN25VMP7;
				ENABLE_HARDENED_RUNTIME = YES;
				ENABLE_PREVIEWS = YES;
				GENERATE_INFOPLIST_FILE = YES;
				"INFOPLIST_KEY_UIApplicationSceneManifest_Generation[sdk=iphoneos*]" = YES;
				"INFOPLIST_KEY_UIApplicationSceneManifest_Generation[sdk=iphonesimulator*]" = YES;
				"INFOPLIST_KEY_UIApplicationSupportsIndirectInputEvents[sdk=iphoneos*]" = YES;
				"INFOPLIST_KEY_UIApplicationSupportsIndirectInputEvents[sdk=iphonesimulator*]" = YES;
				"INFOPLIST_KEY_UILaunchScreen_Generation[sdk=iphoneos*]" = YES;
				"INFOPLIST_KEY_UILaunchScreen_Generation[sdk=iphonesimulator*]" = YES;
				"INFOPLIST_KEY_UIStatusBarStyle[sdk=iphoneos*]" = UIStatusBarStyleDefault;
				"INFOPLIST_KEY_UIStatusBarStyle[sdk=iphonesimulator*]" = UIStatusBarStyleDefault;
				INFOPLIST_KEY_UISupportedInterfaceOrientations_iPad = "UIInterfaceOrientationPortrait UIInterfaceOrientationPortraitUpsideDown UIInterfaceOrientationLandscapeLeft UIInterfaceOrientationLandscapeRight";
				INFOPLIST_KEY_UISupportedInterfaceOrientations_iPhone = "UIInterfaceOrientationPortrait UIInterfaceOrientationLandscapeLeft UIInterfaceOrientationLandscapeRight";
				IPHONEOS_DEPLOYMENT_TARGET = 16.2;
				LD_RUNPATH_SEARCH_PATHS = "@executable_path/Frameworks";
				"LD_RUNPATH_SEARCH_PATHS[sdk=macosx*]" = "@executable_path/../Frameworks";
				MACOSX_DEPLOYMENT_TARGET = 12.6;
				MARKETING_VERSION = 1.0;
				PRODUCT_BUNDLE_IDENTIFIER = "bcookie.OpenAI-Playground";
				PRODUCT_NAME = "$(TARGET_NAME)";
				SDKROOT = auto;
				SUPPORTED_PLATFORMS = "iphoneos iphonesimulator macosx";
				SWIFT_EMIT_LOC_STRINGS = YES;
				SWIFT_VERSION = 5.0;
				TARGETED_DEVICE_FAMILY = "1,2";
			};
			name = Release;
		};
		812B5F4229D3D42E00E6C94A /* Debug */ = {
			isa = XCBuildConfiguration;
			buildSettings = {
				ALWAYS_EMBED_SWIFT_STANDARD_LIBRARIES = YES;
				BUNDLE_LOADER = "$(TEST_HOST)";
				CODE_SIGN_STYLE = Automatic;
				CURRENT_PROJECT_VERSION = 1;
				DEVELOPMENT_TEAM = UCRN25VMP7;
				GENERATE_INFOPLIST_FILE = YES;
				IPHONEOS_DEPLOYMENT_TARGET = 16.2;
				MACOSX_DEPLOYMENT_TARGET = 12.6;
				MARKETING_VERSION = 1.0;
				PRODUCT_BUNDLE_IDENTIFIER = "bcookie.OpenAI-PlaygroundTests";
				PRODUCT_NAME = "$(TARGET_NAME)";
				SDKROOT = auto;
				SUPPORTED_PLATFORMS = "iphoneos iphonesimulator macosx";
				SWIFT_EMIT_LOC_STRINGS = NO;
				SWIFT_VERSION = 5.0;
				TARGETED_DEVICE_FAMILY = "1,2";
				TEST_HOST = "$(BUILT_PRODUCTS_DIR)/OpenAI Playground.app/$(BUNDLE_EXECUTABLE_FOLDER_PATH)/OpenAI Playground";
			};
			name = Debug;
		};
		812B5F4329D3D42E00E6C94A /* Release */ = {
			isa = XCBuildConfiguration;
			buildSettings = {
				ALWAYS_EMBED_SWIFT_STANDARD_LIBRARIES = YES;
				BUNDLE_LOADER = "$(TEST_HOST)";
				CODE_SIGN_STYLE = Automatic;
				CURRENT_PROJECT_VERSION = 1;
				DEVELOPMENT_TEAM = UCRN25VMP7;
				GENERATE_INFOPLIST_FILE = YES;
				IPHONEOS_DEPLOYMENT_TARGET = 16.2;
				MACOSX_DEPLOYMENT_TARGET = 12.6;
				MARKETING_VERSION = 1.0;
				PRODUCT_BUNDLE_IDENTIFIER = "bcookie.OpenAI-PlaygroundTests";
				PRODUCT_NAME = "$(TARGET_NAME)";
				SDKROOT = auto;
				SUPPORTED_PLATFORMS = "iphoneos iphonesimulator macosx";
				SWIFT_EMIT_LOC_STRINGS = NO;
				SWIFT_VERSION = 5.0;
				TARGETED_DEVICE_FAMILY = "1,2";
				TEST_HOST = "$(BUILT_PRODUCTS_DIR)/OpenAI Playground.app/$(BUNDLE_EXECUTABLE_FOLDER_PATH)/OpenAI Playground";
			};
			name = Release;
		};
		812B5F4529D3D42E00E6C94A /* Debug */ = {
			isa = XCBuildConfiguration;
			buildSettings = {
				ALWAYS_EMBED_SWIFT_STANDARD_LIBRARIES = YES;
				CODE_SIGN_STYLE = Automatic;
				CURRENT_PROJECT_VERSION = 1;
				DEVELOPMENT_TEAM = UCRN25VMP7;
				GENERATE_INFOPLIST_FILE = YES;
				IPHONEOS_DEPLOYMENT_TARGET = 16.2;
				MACOSX_DEPLOYMENT_TARGET = 12.6;
				MARKETING_VERSION = 1.0;
				PRODUCT_BUNDLE_IDENTIFIER = "bcookie.OpenAI-PlaygroundUITests";
				PRODUCT_NAME = "$(TARGET_NAME)";
				SDKROOT = auto;
				SUPPORTED_PLATFORMS = "iphoneos iphonesimulator macosx";
				SWIFT_EMIT_LOC_STRINGS = NO;
				SWIFT_VERSION = 5.0;
				TARGETED_DEVICE_FAMILY = "1,2";
				TEST_TARGET_NAME = "OpenAI Playground";
			};
			name = Debug;
		};
		812B5F4629D3D42E00E6C94A /* Release */ = {
			isa = XCBuildConfiguration;
			buildSettings = {
				ALWAYS_EMBED_SWIFT_STANDARD_LIBRARIES = YES;
				CODE_SIGN_STYLE = Automatic;
				CURRENT_PROJECT_VERSION = 1;
				DEVELOPMENT_TEAM = UCRN25VMP7;
				GENERATE_INFOPLIST_FILE = YES;
				IPHONEOS_DEPLOYMENT_TARGET = 16.2;
				MACOSX_DEPLOYMENT_TARGET = 12.6;
				MARKETING_VERSION = 1.0;
				PRODUCT_BUNDLE_IDENTIFIER = "bcookie.OpenAI-PlaygroundUITests";
				PRODUCT_NAME = "$(TARGET_NAME)";
				SDKROOT = auto;
				SUPPORTED_PLATFORMS = "iphoneos iphonesimulator macosx";
				SWIFT_EMIT_LOC_STRINGS = NO;
				SWIFT_VERSION = 5.0;
				TARGETED_DEVICE_FAMILY = "1,2";
				TEST_TARGET_NAME = "OpenAI Playground";
			};
			name = Release;
		};
/* End XCBuildConfiguration section */

/* Begin XCConfigurationList section */
		812B5F1429D3D42A00E6C94A /* Build configuration list for PBXProject "OpenAI Playground" */ = {
			isa = XCConfigurationList;
			buildConfigurations = (
				812B5F3C29D3D42E00E6C94A /* Debug */,
				812B5F3D29D3D42E00E6C94A /* Release */,
			);
			defaultConfigurationIsVisible = 0;
			defaultConfigurationName = Release;
		};
		812B5F3E29D3D42E00E6C94A /* Build configuration list for PBXNativeTarget "OpenAI Playground" */ = {
			isa = XCConfigurationList;
			buildConfigurations = (
				812B5F3F29D3D42E00E6C94A /* Debug */,
				812B5F4029D3D42E00E6C94A /* Release */,
			);
			defaultConfigurationIsVisible = 0;
			defaultConfigurationName = Release;
		};
		812B5F4129D3D42E00E6C94A /* Build configuration list for PBXNativeTarget "OpenAI PlaygroundTests" */ = {
			isa = XCConfigurationList;
			buildConfigurations = (
				812B5F4229D3D42E00E6C94A /* Debug */,
				812B5F4329D3D42E00E6C94A /* Release */,
			);
			defaultConfigurationIsVisible = 0;
			defaultConfigurationName = Release;
		};
		812B5F4429D3D42E00E6C94A /* Build configuration list for PBXNativeTarget "OpenAI PlaygroundUITests" */ = {
			isa = XCConfigurationList;
			buildConfigurations = (
				812B5F4529D3D42E00E6C94A /* Debug */,
				812B5F4629D3D42E00E6C94A /* Release */,
			);
			defaultConfigurationIsVisible = 0;
			defaultConfigurationName = Release;
		};
/* End XCConfigurationList section */
	};
	rootObject = 812B5F1129D3D42A00E6C94A /* Project object */;
}
